
Microsoft Visual Studio Solution File, Format Version 12.00
# Visual Studio Version 17
VisualStudioVersion = 17.13.35931.197
MinimumVisualStudioVersion = 10.0.40219.1
Project("{C9674DCB-5085-4A16-B785-4C70DD1589BD}") = "North_ETL", "C:\Users\One\source\repos\North_ETL\North_ETL.dtproj", "{A51FD081-E55D-063B-41AC-5C27A3BF585D}"
EndProject
Global
	GlobalSection(SolutionConfigurationPlatforms) = preSolution
		Development|Default = Development|Default
	EndGlobalSection
	GlobalSection(ProjectConfigurationPlatforms) = postSolution
		{A51FD081-E55D-063B-41AC-5C27A3BF585D}.Development|Default.ActiveCfg = Development
		{A51FD081-E55D-063B-41AC-5C27A3BF585D}.Development|Default.Build.0 = Development
	EndGlobalSection
	GlobalSection(SolutionProperties) = preSolution
		HideSolutionNode = FALSE
	EndGlobalSection
	GlobalSection(ExtensibilityGlobals) = postSolution
		SolutionGuid = {CCFAE062-C609-42FC-940A-603E35C1AD33}
	EndGlobalSection
EndGlobal
